
Microsoft Visual Studio Solution File, Format Version 12.00
# Visual Studio 14
VisualStudioVersion = 14.0.25123.0
MinimumVisualStudioVersion = 10.0.40219.1
Project("{FAE04EC0-301F-11D3-BF4B-00C04F79EFBC}") = "WebUI", "SportsStore\WebUI.csproj", "{EA6CAAFC-7668-442D-B570-8894EAC587DF}"
EndProject
Project("{FAE04EC0-301F-11D3-BF4B-00C04F79EFBC}") = "Domain", "Domain\Domain.csproj", "{0BF899AA-4E8E-4DF8-8422-4A248C64864F}"
EndProject
Project("{FAE04EC0-301F-11D3-BF4B-00C04F79EFBC}") = "UnitTests", "UnitTesta\UnitTests.csproj", "{0362C81B-9DBF-429E-A14B-1CFF0EFFE562}"
EndProject
Global
	GlobalSection(SolutionConfigurationPlatforms) = preSolution
		Debug|Any CPU = Debug|Any CPU
		Release|Any CPU = Release|Any CPU
	EndGlobalSection
	GlobalSection(ProjectConfigurationPlatforms) = postSolution
		{EA6CAAFC-7668-442D-B570-8894EAC587DF}.Debug|Any CPU.ActiveCfg = Debug|Any CPU
		{EA6CAAFC-7668-442D-B570-8894EAC587DF}.Debug|Any CPU.Build.0 = Debug|Any CPU
		{EA6CAAFC-7668-442D-B570-8894EAC587DF}.Release|Any CPU.ActiveCfg = Release|Any CPU
		{EA6CAAFC-7668-442D-B570-8894EAC587DF}.Release|Any CPU.Build.0 = Release|Any CPU
		{0BF899AA-4E8E-4DF8-8422-4A248C64864F}.Debug|Any CPU.ActiveCfg = Debug|Any CPU
		{0BF899AA-4E8E-4DF8-8422-4A248C64864F}.Debug|Any CPU.Build.0 = Debug|Any CPU
		{0BF899AA-4E8E-4DF8-8422-4A248C64864F}.Release|Any CPU.ActiveCfg = Release|Any CPU
		{0BF899AA-4E8E-4DF8-8422-4A248C64864F}.Release|Any CPU.Build.0 = Release|Any CPU
		{0362C81B-9DBF-429E-A14B-1CFF0EFFE562}.Debug|Any CPU.ActiveCfg = Debug|Any CPU
		{0362C81B-9DBF-429E-A14B-1CFF0EFFE562}.Debug|Any CPU.Build.0 = Debug|Any CPU
		{0362C81B-9DBF-429E-A14B-1CFF0EFFE562}.Release|Any CPU.ActiveCfg = Release|Any CPU
		{0362C81B-9DBF-429E-A14B-1CFF0EFFE562}.Release|Any CPU.Build.0 = Release|Any CPU
	EndGlobalSection
	GlobalSection(SolutionProperties) = preSolution
		HideSolutionNode = FALSE
	EndGlobalSection
EndGlobal
